
Microsoft Visual Studio Solution File, Format Version 12.00
# Visual Studio Version 16
VisualStudioVersion = 16.0.34407.143
MinimumVisualStudioVersion = 10.0.40219.1
Project("{FAE04EC0-301F-11D3-BF4B-00C04F79EFBC}") = "Calculadora", "Calculadora\Calculadora.csproj", "{B0F76C71-2D1F-49E3-9111-7626DE6ADA6E}"
EndProject
Global
	GlobalSection(SolutionConfigurationPlatforms) = preSolution
		Debug|Any CPU = Debug|Any CPU
		Release|Any CPU = Release|Any CPU
	EndGlobalSection
	GlobalSection(ProjectConfigurationPlatforms) = postSolution
		{B0F76C71-2D1F-49E3-9111-7626DE6ADA6E}.Debug|Any CPU.ActiveCfg = Debug|Any CPU
		{B0F76C71-2D1F-49E3-9111-7626DE6ADA6E}.Debug|Any CPU.Build.0 = Debug|Any CPU
		{B0F76C71-2D1F-49E3-9111-7626DE6ADA6E}.Release|Any CPU.ActiveCfg = Release|Any CPU
		{B0F76C71-2D1F-49E3-9111-7626DE6ADA6E}.Release|Any CPU.Build.0 = Release|Any CPU
	EndGlobalSection
	GlobalSection(SolutionProperties) = preSolution
		HideSolutionNode = FALSE
	EndGlobalSection
	GlobalSection(ExtensibilityGlobals) = postSolution
		SolutionGuid = {91F3B97A-C3BC-418F-9867-4BEFB839FB0C}
	EndGlobalSection
EndGlobal
